<?xml version="1.0" encoding="utf-8"?>
<Project ToolsVersion="4.0" xmlns="http://schemas.microsoft.com/developer/msbuild/2003">
  <ItemGroup>
    <Filter Include="Source Files">
      <UniqueIdentifier>{4FC737F1-C7A5-4376-A066-2A32D752A2FF}</UniqueIdentifier>
      <Extensions>cpp;c;cc;cxx;def;odl;idl;hpj;bat;asm;asmx</Extensions>
    </Filter>
    <Filter Include="Header Files">
      <UniqueIdentifier>{93995380-89BD-4b04-88EB-625FBE52EBFB}</UniqueIdentifier>
      <Extensions>h;hh;hpp;hxx;hm;inl;inc;ipp;xsd</Extensions>
    </Filter>
    <Filter Include="Resource Files">
      <UniqueIdentifier>{67DA6AB6-F800-4c08-8B7A-83BB121AAD01}</UniqueIdentifier>
      <Extensions>rc;ico;cur;bmp;dlg;rc2;rct;bin;rgs;gif;jpg;jpeg;jpe;resx;tiff;tif;png;wav;mfcribbon-ms</Extensions>
    </Filter>
    <Filter Include="Source Files\game">
      <UniqueIdentifier>{0ec0c22d-c4bb-40bc-ab22-87a810e4b317}</UniqueIdentifier>
    </Filter>
    <Filter Include="Source Files\engine">
      <UniqueIdentifier>{e5e7c5c7-d96b-4e8e-b1e6-b80722110e7d}</UniqueIdentifier>
    </Filter>
  </ItemGroup>
  <ItemGroup>
    <ClCompile Include="Conspiracy\src\main.cpp">
      <Filter>Source Files</Filter>
    </ClCompile>
    <ClCompile Include="Conspiracy\game\src\alien.cpp">
      <Filter>Source Files\game</Filter>
    </ClCompile>
    <ClCompile Include="Conspiracy\game\src\alien_bilu.cpp">
      <Filter>Source Files\game</Filter>
    </ClCompile>
    <ClCompile Include="Conspiracy\game\src\alien_etemer.cpp">
      <Filter>Source Files\game</Filter>
    </ClCompile>
    <ClCompile Include="Conspiracy\game\src\alien_varginha.cpp">
      <Filter>Source Files\game</Filter>
    </ClCompile>
    <ClCompile Include="Conspiracy\game\src\arrow.cpp">
      <Filter>Source Files\game</Filter>
    </ClCompile>
    <ClCompile Include="Conspiracy\game\src\button.cpp">
      <Filter>Source Files\game</Filter>
    </ClCompile>
    <ClCompile Include="Conspiracy\game\src\camera.cpp">
      <Filter>Source Files\game</Filter>
    </ClCompile>
    <ClCompile Include="Conspiracy\game\src\camera_lever.cpp">
      <Filter>Source Files\game</Filter>
    </ClCompile>
    <ClCompile Include="Conspiracy\game\src\camera_switch.cpp">
      <Filter>Source Files\game</Filter>
    </ClCompile>
    <ClCompile Include="Conspiracy\game\src\camera_system.cpp">
      <Filter>Source Files\game</Filter>
    </ClCompile>
    <ClCompile Include="Conspiracy\game\src\chair.cpp">
      <Filter>Source Files\game</Filter>
    </ClCompile>
    <ClCompile Include="Conspiracy\game\src\choice.cpp">
      <Filter>Source Files\game</Filter>
    </ClCompile>
    <ClCompile Include="Conspiracy\game\src\choose_stage_scene.cpp">
      <Filter>Source Files\game</Filter>
    </ClCompile>
    <ClCompile Include="Conspiracy\game\src\computer_table.cpp">
      <Filter>Source Files\game</Filter>
    </ClCompile>
    <ClCompile Include="Conspiracy\game\src\door.cpp">
      <Filter>Source Files\game</Filter>
    </ClCompile>
    <ClCompile Include="Conspiracy\game\src\door_switch.cpp">
      <Filter>Source Files\game</Filter>
    </ClCompile>
    <ClCompile Include="Conspiracy\game\src\door_system.cpp">
      <Filter>Source Files\game</Filter>
    </ClCompile>
    <ClCompile Include="Conspiracy\game\src\finish_point.cpp">
      <Filter>Source Files\game</Filter>
    </ClCompile>
    <ClCompile Include="Conspiracy\game\src\finish_scene.cpp">
      <Filter>Source Files\game</Filter>
    </ClCompile>
    <ClCompile Include="Conspiracy\game\src\game_scene.cpp">
      <Filter>Source Files\game</Filter>
    </ClCompile>
    <ClCompile Include="Conspiracy\game\src\ground.cpp">
      <Filter>Source Files\game</Filter>
    </ClCompile>
    <ClCompile Include="Conspiracy\game\src\guard.cpp">
      <Filter>Source Files\game</Filter>
    </ClCompile>
    <ClCompile Include="Conspiracy\game\src\header.cpp">
      <Filter>Source Files\game</Filter>
    </ClCompile>
    <ClCompile Include="Conspiracy\game\src\lose_scene.cpp">
      <Filter>Source Files\game</Filter>
    </ClCompile>
    <ClCompile Include="Conspiracy\game\src\menu_scene.cpp">
      <Filter>Source Files\game</Filter>
    </ClCompile>
    <ClCompile Include="Conspiracy\game\src\paper.cpp">
      <Filter>Source Files\game</Filter>
    </ClCompile>
    <ClCompile Include="Conspiracy\game\src\paper_table.cpp">
      <Filter>Source Files\game</Filter>
    </ClCompile>
    <ClCompile Include="Conspiracy\game\src\player.cpp">
      <Filter>Source Files\game</Filter>
    </ClCompile>
    <ClCompile Include="Conspiracy\game\src\stage_five.cpp">
      <Filter>Source Files\game</Filter>
    </ClCompile>
    <ClCompile Include="Conspiracy\game\src\stage_four.cpp">
      <Filter>Source Files\game</Filter>
    </ClCompile>
    <ClCompile Include="Conspiracy\game\src\stage_one.cpp">
      <Filter>Source Files\game</Filter>
    </ClCompile>
    <ClCompile Include="Conspiracy\game\src\stage_three.cpp">
      <Filter>Source Files\game</Filter>
    </ClCompile>
    <ClCompile Include="Conspiracy\game\src\stage_two.cpp">
      <Filter>Source Files\game</Filter>
    </ClCompile>
    <ClCompile Include="Conspiracy\game\src\table.cpp">
      <Filter>Source Files\game</Filter>
    </ClCompile>
    <ClCompile Include="Conspiracy\game\src\test.cpp">
      <Filter>Source Files\game</Filter>
    </ClCompile>
    <ClCompile Include="Conspiracy\game\src\tutorial_scene.cpp">
      <Filter>Source Files\game</Filter>
    </ClCompile>
    <ClCompile Include="Conspiracy\game\src\wall.cpp">
      <Filter>Source Files\game</Filter>
    </ClCompile>
    <ClCompile Include="Conspiracy\game\src\win_scene.cpp">
      <Filter>Source Files\game</Filter>
    </ClCompile>
    <ClCompile Include="Conspiracy\engine\src\animation.cpp">
      <Filter>Source Files\engine</Filter>
    </ClCompile>
    <ClCompile Include="Conspiracy\engine\src\animation_manager.cpp">
      <Filter>Source Files\engine</Filter>
    </ClCompile>
    <ClCompile Include="Conspiracy\engine\src\animation_quad.cpp">
      <Filter>Source Files\engine</Filter>
    </ClCompile>
    <ClCompile Include="Conspiracy\engine\src\audio.cpp">
      <Filter>Source Files\engine</Filter>
    </ClCompile>
    <ClCompile Include="Conspiracy\engine\src\collision_manager.cpp">
      <Filter>Source Files\engine</Filter>
    </ClCompile>
    <ClCompile Include="Conspiracy\engine\src\engine.cpp">
      <Filter>Source Files\engine</Filter>
    </ClCompile>
    <ClCompile Include="Conspiracy\engine\src\field_of_vision.cpp">
      <Filter>Source Files\engine</Filter>
    </ClCompile>
    <ClCompile Include="Conspiracy\engine\src\game_object.cpp">
      <Filter>Source Files\engine</Filter>
    </ClCompile>
    <ClCompile Include="Conspiracy\engine\src\input_manager.cpp">
      <Filter>Source Files\engine</Filter>
    </ClCompile>
    <ClCompile Include="Conspiracy\engine\src\line.cpp">
      <Filter>Source Files\engine</Filter>
    </ClCompile>
    <ClCompile Include="Conspiracy\engine\src\progress_bar.cpp">
      <Filter>Source Files\engine</Filter>
    </ClCompile>
    <ClCompile Include="Conspiracy\engine\src\rectangle.cpp">
      <Filter>Source Files\engine</Filter>
    </ClCompile>
    <ClCompile Include="Conspiracy\engine\src\save_manager.cpp">
      <Filter>Source Files\engine</Filter>
    </ClCompile>
    <ClCompile Include="Conspiracy\engine\src\scene.cpp">
      <Filter>Source Files\engine</Filter>
    </ClCompile>
    <ClCompile Include="Conspiracy\engine\src\scene_manager.cpp">
      <Filter>Source Files\engine</Filter>
    </ClCompile>
    <ClCompile Include="Conspiracy\engine\src\sdl_manager.cpp">
      <Filter>Source Files\engine</Filter>
    </ClCompile>
    <ClCompile Include="Conspiracy\engine\src\sprite.cpp">
      <Filter>Source Files\engine</Filter>
    </ClCompile>
    <ClCompile Include="Conspiracy\engine\src\text.cpp">
      <Filter>Source Files\engine</Filter>
    </ClCompile>
    <ClCompile Include="Conspiracy\engine\src\text_manager.cpp">
      <Filter>Source Files\engine</Filter>
    </ClCompile>
    <ClCompile Include="Conspiracy\engine\src\timer.cpp">
      <Filter>Source Files\engine</Filter>
    </ClCompile>
    <ClCompile Include="Conspiracy\engine\src\window_manager.cpp">
      <Filter>Source Files\engine</Filter>
    </ClCompile>
  </ItemGroup>
</Project>